// !$*UTF8*$!
{
	archiveVersion = 1;
	classes = {
	};
	objectVersion = 46;
	objects = {

/* Begin PBXBuildFile section */
		270204DB1F9C7E840002A955 /* CopyLineCommand.swift in Sources */ = {isa = PBXBuildFile; fileRef = 270204D91F9C7E790002A955 /* CopyLineCommand.swift */; };
		274CBA371E746D4900D20B52 /* SortAndUniqCorrected.test in Resources */ = {isa = PBXBuildFile; fileRef = 274CBA351E746D4900D20B52 /* SortAndUniqCorrected.test */; };
		274CBA381E746D4900D20B52 /* SortAndUniqSource.test in Resources */ = {isa = PBXBuildFile; fileRef = 274CBA361E746D4900D20B52 /* SortAndUniqSource.test */; };
		274CBA3B1E7584CD00D20B52 /* DHTextRangeTests.swift in Sources */ = {isa = PBXBuildFile; fileRef = 274CBA3A1E7584CD00D20B52 /* DHTextRangeTests.swift */; };
		274CBA3D1E75861200D20B52 /* DHTextRange.swift in Sources */ = {isa = PBXBuildFile; fileRef = 274CBA3C1E75861200D20B52 /* DHTextRange.swift */; };
		274CBA3E1E75861200D20B52 /* DHTextRange.swift in Sources */ = {isa = PBXBuildFile; fileRef = 274CBA3C1E75861200D20B52 /* DHTextRange.swift */; };
		274CBA411E758B5400D20B52 /* CopyWordAboveCommand.swift in Sources */ = {isa = PBXBuildFile; fileRef = 274CBA3F1E758B5400D20B52 /* CopyWordAboveCommand.swift */; };
		274CBA431E75D4C200D20B52 /* CommentCommand.swift in Sources */ = {isa = PBXBuildFile; fileRef = 274CBA421E75D4C200D20B52 /* CommentCommand.swift */; };
		275EB3CC1E73E9DC00CCAF22 /* String+Test.swift in Sources */ = {isa = PBXBuildFile; fileRef = 275EB3CB1E73E9DC00CCAF22 /* String+Test.swift */; };
		275EB3DA1E73F68700CCAF22 /* NSMutableArray+DevHelper.swift in Sources */ = {isa = PBXBuildFile; fileRef = 275EB3D91E73F68700CCAF22 /* NSMutableArray+DevHelper.swift */; };
		275EB3DB1E73F68700CCAF22 /* NSMutableArray+DevHelper.swift in Sources */ = {isa = PBXBuildFile; fileRef = 275EB3D91E73F68700CCAF22 /* NSMutableArray+DevHelper.swift */; };
		275EB3DD1E73F83700CCAF22 /* DHTextRange+XCodeExtensionOnly.swift in Sources */ = {isa = PBXBuildFile; fileRef = 275EB3DC1E73F83700CCAF22 /* DHTextRange+XCodeExtensionOnly.swift */; };
		275EB3DE1E73FE4900CCAF22 /* SortCommandTests.swift in Sources */ = {isa = PBXBuildFile; fileRef = 278A796B1E7340AD008179F9 /* SortCommandTests.swift */; };
		275EB3DF1E73FFC800CCAF22 /* DevHelper.appex in Embed App Extensions */ = {isa = PBXBuildFile; fileRef = 278A797A1E7340E9008179F9 /* DevHelper.appex */; settings = {ATTRIBUTES = (RemoveHeadersOnCopy, ); }; };
		275EB3E61E74008600CCAF22 /* SingleSortCorrected.test in Resources */ = {isa = PBXBuildFile; fileRef = 275EB3E41E74008600CCAF22 /* SingleSortCorrected.test */; };
		275EB3E71E74008600CCAF22 /* SingleSortSource.test in Resources */ = {isa = PBXBuildFile; fileRef = 275EB3E51E74008600CCAF22 /* SingleSortSource.test */; };
		278A795A1E7340AD008179F9 /* AppDelegate.swift in Sources */ = {isa = PBXBuildFile; fileRef = 278A79591E7340AD008179F9 /* AppDelegate.swift */; };
		278A795C1E7340AD008179F9 /* ViewController.swift in Sources */ = {isa = PBXBuildFile; fileRef = 278A795B1E7340AD008179F9 /* ViewController.swift */; };
		278A795E1E7340AD008179F9 /* Assets.xcassets in Resources */ = {isa = PBXBuildFile; fileRef = 278A795D1E7340AD008179F9 /* Assets.xcassets */; };
		278A79611E7340AD008179F9 /* Main.storyboard in Resources */ = {isa = PBXBuildFile; fileRef = 278A795F1E7340AD008179F9 /* Main.storyboard */; };
		278A797D1E7340E9008179F9 /* Cocoa.framework in Frameworks */ = {isa = PBXBuildFile; fileRef = 278A797C1E7340E9008179F9 /* Cocoa.framework */; };
		278A79821E7340E9008179F9 /* SourceEditorExtension.swift in Sources */ = {isa = PBXBuildFile; fileRef = 278A79811E7340E9008179F9 /* SourceEditorExtension.swift */; };
		278A79841E7340E9008179F9 /* SortCommand.swift in Sources */ = {isa = PBXBuildFile; fileRef = 278A79831E7340E9008179F9 /* SortCommand.swift */; };
		278DEEE71F9C84D200AE030F /* CopyLine.test in Resources */ = {isa = PBXBuildFile; fileRef = 278DEEE61F9C84D200AE030F /* CopyLine.test */; };
		278DEEEA1F9C851D00AE030F /* CopyLineTests.swift in Sources */ = {isa = PBXBuildFile; fileRef = 278DEEE91F9C851D00AE030F /* CopyLineTests.swift */; };
		27B99606206112A300EA7F75 /* ArrayOfStringTests.swift in Sources */ = {isa = PBXBuildFile; fileRef = 27B99605206112A300EA7F75 /* ArrayOfStringTests.swift */; };
		27F978FA1FAE026600348F7D /* UncommentCommand.swift in Sources */ = {isa = PBXBuildFile; fileRef = 27F978F81FAE025B00348F7D /* UncommentCommand.swift */; };
		27F979021FAEF33900348F7D /* UncommentNestedOutside.test in Resources */ = {isa = PBXBuildFile; fileRef = 27F978FB1FAEF33800348F7D /* UncommentNestedOutside.test */; };
		27F979031FAEF33900348F7D /* UncommentInline1.test in Resources */ = {isa = PBXBuildFile; fileRef = 27F978FC1FAEF33900348F7D /* UncommentInline1.test */; };
		27F979041FAEF33900348F7D /* UncommentNestedInside.test in Resources */ = {isa = PBXBuildFile; fileRef = 27F978FD1FAEF33900348F7D /* UncommentNestedInside.test */; };
		27F979051FAEF33900348F7D /* UncommentSource.test in Resources */ = {isa = PBXBuildFile; fileRef = 27F978FE1FAEF33900348F7D /* UncommentSource.test */; };
		27F979061FAEF33900348F7D /* UncommentMultilineInside.test in Resources */ = {isa = PBXBuildFile; fileRef = 27F978FF1FAEF33900348F7D /* UncommentMultilineInside.test */; };
		27F979071FAEF33900348F7D /* UncommentInline2.test in Resources */ = {isa = PBXBuildFile; fileRef = 27F979001FAEF33900348F7D /* UncommentInline2.test */; };
		27F979081FAEF33900348F7D /* UncommentMultilineOutside.test in Resources */ = {isa = PBXBuildFile; fileRef = 27F979011FAEF33900348F7D /* UncommentMultilineOutside.test */; };
		27F9790A1FAEFBB200348F7D /* UncommentTests.swift in Sources */ = {isa = PBXBuildFile; fileRef = 27F979091FAEFBB200348F7D /* UncommentTests.swift */; };
		27F9790D1FAF069900348F7D /* String+DevHelper.swift in Sources */ = {isa = PBXBuildFile; fileRef = 27F9790C1FAF069900348F7D /* String+DevHelper.swift */; };
		27F9790E1FAF070700348F7D /* String+DevHelper.swift in Sources */ = {isa = PBXBuildFile; fileRef = 27F9790C1FAF069900348F7D /* String+DevHelper.swift */; };
		27F979101FAF0A1E00348F7D /* StringTests.swift in Sources */ = {isa = PBXBuildFile; fileRef = 27F9790F1FAF0A1E00348F7D /* StringTests.swift */; };
/* End PBXBuildFile section */

/* Begin PBXContainerItemProxy section */
		275EB3E01E73FFC800CCAF22 /* PBXContainerItemProxy */ = {
			isa = PBXContainerItemProxy;
			containerPortal = 278A794E1E7340AD008179F9 /* Project object */;
			proxyType = 1;
			remoteGlobalIDString = 278A79791E7340E9008179F9;
			remoteInfo = DevHelper;
		};
		278A79681E7340AD008179F9 /* PBXContainerItemProxy */ = {
			isa = PBXContainerItemProxy;
			containerPortal = 278A794E1E7340AD008179F9 /* Project object */;
			proxyType = 1;
			remoteGlobalIDString = 278A79551E7340AD008179F9;
			remoteInfo = DevHelper;
		};
/* End PBXContainerItemProxy section */

/* Begin PBXCopyFilesBuildPhase section */
		275EB3E21E73FFC800CCAF22 /* Embed App Extensions */ = {
			isa = PBXCopyFilesBuildPhase;
			buildActionMask = 2147483647;
			dstPath = "";
			dstSubfolderSpec = 13;
			files = (
				275EB3DF1E73FFC800CCAF22 /* DevHelper.appex in Embed App Extensions */,
			);
			name = "Embed App Extensions";
			runOnlyForDeploymentPostprocessing = 0;
		};
/* End PBXCopyFilesBuildPhase section */

/* Begin PBXFileReference section */
		270204D91F9C7E790002A955 /* CopyLineCommand.swift */ = {isa = PBXFileReference; fileEncoding = 4; lastKnownFileType = sourcecode.swift; path = CopyLineCommand.swift; sourceTree = "<group>"; };
		274CBA351E746D4900D20B52 /* SortAndUniqCorrected.test */ = {isa = PBXFileReference; fileEncoding = 4; lastKnownFileType = text; path = SortAndUniqCorrected.test; sourceTree = "<group>"; };
		274CBA361E746D4900D20B52 /* SortAndUniqSource.test */ = {isa = PBXFileReference; fileEncoding = 4; lastKnownFileType = text; path = SortAndUniqSource.test; sourceTree = "<group>"; };
		274CBA3A1E7584CD00D20B52 /* DHTextRangeTests.swift */ = {isa = PBXFileReference; fileEncoding = 4; lastKnownFileType = sourcecode.swift; path = DHTextRangeTests.swift; sourceTree = "<group>"; };
		274CBA3C1E75861200D20B52 /* DHTextRange.swift */ = {isa = PBXFileReference; fileEncoding = 4; lastKnownFileType = sourcecode.swift; path = DHTextRange.swift; sourceTree = "<group>"; };
		274CBA3F1E758B5400D20B52 /* CopyWordAboveCommand.swift */ = {isa = PBXFileReference; fileEncoding = 4; lastKnownFileType = sourcecode.swift; path = CopyWordAboveCommand.swift; sourceTree = "<group>"; };
		274CBA421E75D4C200D20B52 /* CommentCommand.swift */ = {isa = PBXFileReference; fileEncoding = 4; lastKnownFileType = sourcecode.swift; path = CommentCommand.swift; sourceTree = "<group>"; };
		275EB3CB1E73E9DC00CCAF22 /* String+Test.swift */ = {isa = PBXFileReference; fileEncoding = 4; lastKnownFileType = sourcecode.swift; path = "String+Test.swift"; sourceTree = "<group>"; };
		275EB3CF1E73F24000CCAF22 /* XcodeKit.framework */ = {isa = PBXFileReference; lastKnownFileType = wrapper.framework; name = XcodeKit.framework; path = Library/Frameworks/XcodeKit.framework; sourceTree = DEVELOPER_DIR; };
		275EB3D91E73F68700CCAF22 /* NSMutableArray+DevHelper.swift */ = {isa = PBXFileReference; fileEncoding = 4; lastKnownFileType = sourcecode.swift; path = "NSMutableArray+DevHelper.swift"; sourceTree = "<group>"; };
		275EB3DC1E73F83700CCAF22 /* DHTextRange+XCodeExtensionOnly.swift */ = {isa = PBXFileReference; fileEncoding = 4; lastKnownFileType = sourcecode.swift; path = "DHTextRange+XCodeExtensionOnly.swift"; sourceTree = "<group>"; };
		275EB3E41E74008600CCAF22 /* SingleSortCorrected.test */ = {isa = PBXFileReference; fileEncoding = 4; lastKnownFileType = text; path = SingleSortCorrected.test; sourceTree = "<group>"; };
		275EB3E51E74008600CCAF22 /* SingleSortSource.test */ = {isa = PBXFileReference; fileEncoding = 4; lastKnownFileType = text; path = SingleSortSource.test; sourceTree = "<group>"; };
		278A79561E7340AD008179F9 /* DevHelperContainer.app */ = {isa = PBXFileReference; explicitFileType = wrapper.application; includeInIndex = 0; path = DevHelperContainer.app; sourceTree = BUILT_PRODUCTS_DIR; };
		278A79591E7340AD008179F9 /* AppDelegate.swift */ = {isa = PBXFileReference; lastKnownFileType = sourcecode.swift; path = AppDelegate.swift; sourceTree = "<group>"; };
		278A795B1E7340AD008179F9 /* ViewController.swift */ = {isa = PBXFileReference; lastKnownFileType = sourcecode.swift; path = ViewController.swift; sourceTree = "<group>"; };
		278A795D1E7340AD008179F9 /* Assets.xcassets */ = {isa = PBXFileReference; lastKnownFileType = folder.assetcatalog; path = Assets.xcassets; sourceTree = "<group>"; };
		278A79601E7340AD008179F9 /* Base */ = {isa = PBXFileReference; lastKnownFileType = file.storyboard; name = Base; path = Base.lproj/Main.storyboard; sourceTree = "<group>"; };
		278A79621E7340AD008179F9 /* Info.plist */ = {isa = PBXFileReference; lastKnownFileType = text.plist.xml; path = Info.plist; sourceTree = "<group>"; };
		278A79671E7340AD008179F9 /* DevHelperTests.xctest */ = {isa = PBXFileReference; explicitFileType = wrapper.cfbundle; includeInIndex = 0; path = DevHelperTests.xctest; sourceTree = BUILT_PRODUCTS_DIR; };
		278A796B1E7340AD008179F9 /* SortCommandTests.swift */ = {isa = PBXFileReference; lastKnownFileType = sourcecode.swift; path = SortCommandTests.swift; sourceTree = "<group>"; };
		278A796D1E7340AD008179F9 /* Info.plist */ = {isa = PBXFileReference; lastKnownFileType = text.plist.xml; path = Info.plist; sourceTree = "<group>"; };
		278A797A1E7340E9008179F9 /* DevHelper.appex */ = {isa = PBXFileReference; explicitFileType = "wrapper.app-extension"; includeInIndex = 0; path = DevHelper.appex; sourceTree = BUILT_PRODUCTS_DIR; };
		278A797C1E7340E9008179F9 /* Cocoa.framework */ = {isa = PBXFileReference; lastKnownFileType = wrapper.framework; name = Cocoa.framework; path = System/Library/Frameworks/Cocoa.framework; sourceTree = SDKROOT; };
		278A79801E7340E9008179F9 /* Ext.entitlements */ = {isa = PBXFileReference; lastKnownFileType = text.plist.entitlements; path = Ext.entitlements; sourceTree = "<group>"; };
		278A79811E7340E9008179F9 /* SourceEditorExtension.swift */ = {isa = PBXFileReference; lastKnownFileType = sourcecode.swift; path = SourceEditorExtension.swift; sourceTree = "<group>"; };
		278A79831E7340E9008179F9 /* SortCommand.swift */ = {isa = PBXFileReference; lastKnownFileType = sourcecode.swift; path = SortCommand.swift; sourceTree = "<group>"; };
		278A79851E7340E9008179F9 /* Info.plist */ = {isa = PBXFileReference; lastKnownFileType = text.plist.xml; path = Info.plist; sourceTree = "<group>"; };
		278DEEE61F9C84D200AE030F /* CopyLine.test */ = {isa = PBXFileReference; fileEncoding = 4; lastKnownFileType = text; path = CopyLine.test; sourceTree = "<group>"; };
		278DEEE91F9C851D00AE030F /* CopyLineTests.swift */ = {isa = PBXFileReference; lastKnownFileType = sourcecode.swift; path = CopyLineTests.swift; sourceTree = "<group>"; };
		27B99605206112A300EA7F75 /* ArrayOfStringTests.swift */ = {isa = PBXFileReference; lastKnownFileType = sourcecode.swift; path = ArrayOfStringTests.swift; sourceTree = "<group>"; };
		27F978F81FAE025B00348F7D /* UncommentCommand.swift */ = {isa = PBXFileReference; lastKnownFileType = sourcecode.swift; path = UncommentCommand.swift; sourceTree = "<group>"; };
		27F978FB1FAEF33800348F7D /* UncommentNestedOutside.test */ = {isa = PBXFileReference; fileEncoding = 4; lastKnownFileType = text; path = UncommentNestedOutside.test; sourceTree = "<group>"; };
		27F978FC1FAEF33900348F7D /* UncommentInline1.test */ = {isa = PBXFileReference; fileEncoding = 4; lastKnownFileType = text; path = UncommentInline1.test; sourceTree = "<group>"; };
		27F978FD1FAEF33900348F7D /* UncommentNestedInside.test */ = {isa = PBXFileReference; fileEncoding = 4; lastKnownFileType = text; path = UncommentNestedInside.test; sourceTree = "<group>"; };
		27F978FE1FAEF33900348F7D /* UncommentSource.test */ = {isa = PBXFileReference; fileEncoding = 4; lastKnownFileType = text; path = UncommentSource.test; sourceTree = "<group>"; };
		27F978FF1FAEF33900348F7D /* UncommentMultilineInside.test */ = {isa = PBXFileReference; fileEncoding = 4; lastKnownFileType = text; path = UncommentMultilineInside.test; sourceTree = "<group>"; };
		27F979001FAEF33900348F7D /* UncommentInline2.test */ = {isa = PBXFileReference; fileEncoding = 4; lastKnownFileType = text; path = UncommentInline2.test; sourceTree = "<group>"; };
		27F979011FAEF33900348F7D /* UncommentMultilineOutside.test */ = {isa = PBXFileReference; fileEncoding = 4; lastKnownFileType = text; path = UncommentMultilineOutside.test; sourceTree = "<group>"; };
		27F979091FAEFBB200348F7D /* UncommentTests.swift */ = {isa = PBXFileReference; lastKnownFileType = sourcecode.swift; path = UncommentTests.swift; sourceTree = "<group>"; };
		27F9790C1FAF069900348F7D /* String+DevHelper.swift */ = {isa = PBXFileReference; lastKnownFileType = sourcecode.swift; path = "String+DevHelper.swift"; sourceTree = "<group>"; };
		27F9790F1FAF0A1E00348F7D /* StringTests.swift */ = {isa = PBXFileReference; lastKnownFileType = sourcecode.swift; path = StringTests.swift; sourceTree = "<group>"; };
/* End PBXFileReference section */

/* Begin PBXFrameworksBuildPhase section */
		278A79531E7340AD008179F9 /* Frameworks */ = {
			isa = PBXFrameworksBuildPhase;
			buildActionMask = 2147483647;
			files = (
			);
			runOnlyForDeploymentPostprocessing = 0;
		};
		278A79641E7340AD008179F9 /* Frameworks */ = {
			isa = PBXFrameworksBuildPhase;
			buildActionMask = 2147483647;
			files = (
			);
			runOnlyForDeploymentPostprocessing = 0;
		};
		278A79771E7340E9008179F9 /* Frameworks */ = {
			isa = PBXFrameworksBuildPhase;
			buildActionMask = 2147483647;
			files = (
				278A797D1E7340E9008179F9 /* Cocoa.framework in Frameworks */,
			);
			runOnlyForDeploymentPostprocessing = 0;
		};
/* End PBXFrameworksBuildPhase section */

/* Begin PBXGroup section */
		275EB3C51E73E82D00CCAF22 /* TestData */ = {
			isa = PBXGroup;
			children = (
				27F978FC1FAEF33900348F7D /* UncommentInline1.test */,
				27F979001FAEF33900348F7D /* UncommentInline2.test */,
				27F978FF1FAEF33900348F7D /* UncommentMultilineInside.test */,
				27F979011FAEF33900348F7D /* UncommentMultilineOutside.test */,
				27F978FD1FAEF33900348F7D /* UncommentNestedInside.test */,
				27F978FB1FAEF33800348F7D /* UncommentNestedOutside.test */,
				27F978FE1FAEF33900348F7D /* UncommentSource.test */,
				278DEEE61F9C84D200AE030F /* CopyLine.test */,
				274CBA351E746D4900D20B52 /* SortAndUniqCorrected.test */,
				274CBA361E746D4900D20B52 /* SortAndUniqSource.test */,
				275EB3E41E74008600CCAF22 /* SingleSortCorrected.test */,
				275EB3E51E74008600CCAF22 /* SingleSortSource.test */,
			);
			path = TestData;
			sourceTree = "<group>";
		};
		275EB3D81E73F68700CCAF22 /* Extensions */ = {
			isa = PBXGroup;
			children = (
				275EB3D91E73F68700CCAF22 /* NSMutableArray+DevHelper.swift */,
				275EB3DC1E73F83700CCAF22 /* DHTextRange+XCodeExtensionOnly.swift */,
				274CBA3C1E75861200D20B52 /* DHTextRange.swift */,
				27F9790C1FAF069900348F7D /* String+DevHelper.swift */,
			);
			path = Extensions;
			sourceTree = "<group>";
		};
		278A794D1E7340AD008179F9 = {
			isa = PBXGroup;
			children = (
				278A79581E7340AD008179F9 /* DevHelper */,
				278A796A1E7340AD008179F9 /* DevHelperTests */,
				278A797E1E7340E9008179F9 /* Ext */,
				278A797B1E7340E9008179F9 /* Frameworks */,
				278A79571E7340AD008179F9 /* Products */,
			);
			sourceTree = "<group>";
		};
		278A79571E7340AD008179F9 /* Products */ = {
			isa = PBXGroup;
			children = (
				278A79561E7340AD008179F9 /* DevHelperContainer.app */,
				278A79671E7340AD008179F9 /* DevHelperTests.xctest */,
				278A797A1E7340E9008179F9 /* DevHelper.appex */,
			);
			name = Products;
			sourceTree = "<group>";
		};
		278A79581E7340AD008179F9 /* DevHelper */ = {
			isa = PBXGroup;
			children = (
				278A79591E7340AD008179F9 /* AppDelegate.swift */,
				278A795B1E7340AD008179F9 /* ViewController.swift */,
				278A795D1E7340AD008179F9 /* Assets.xcassets */,
				278A795F1E7340AD008179F9 /* Main.storyboard */,
				278A79621E7340AD008179F9 /* Info.plist */,
			);
			path = DevHelper;
			sourceTree = "<group>";
		};
		278A796A1E7340AD008179F9 /* DevHelperTests */ = {
			isa = PBXGroup;
			children = (
				275EB3C51E73E82D00CCAF22 /* TestData */,
				278A796B1E7340AD008179F9 /* SortCommandTests.swift */,
				274CBA3A1E7584CD00D20B52 /* DHTextRangeTests.swift */,
				278DEEE91F9C851D00AE030F /* CopyLineTests.swift */,
				27F979091FAEFBB200348F7D /* UncommentTests.swift */,
				27B99605206112A300EA7F75 /* ArrayOfStringTests.swift */,
				27F9790F1FAF0A1E00348F7D /* StringTests.swift */,
				275EB3CB1E73E9DC00CCAF22 /* String+Test.swift */,
				278A796D1E7340AD008179F9 /* Info.plist */,
			);
			path = DevHelperTests;
			sourceTree = "<group>";
		};
		278A797B1E7340E9008179F9 /* Frameworks */ = {
			isa = PBXGroup;
			children = (
				275EB3CF1E73F24000CCAF22 /* XcodeKit.framework */,
				278A797C1E7340E9008179F9 /* Cocoa.framework */,
			);
			name = Frameworks;
			sourceTree = "<group>";
		};
		278A797E1E7340E9008179F9 /* Ext */ = {
			isa = PBXGroup;
			children = (
				275EB3D81E73F68700CCAF22 /* Extensions */,
				278A79811E7340E9008179F9 /* SourceEditorExtension.swift */,
				278A79831E7340E9008179F9 /* SortCommand.swift */,
				274CBA421E75D4C200D20B52 /* CommentCommand.swift */,
				270204D91F9C7E790002A955 /* CopyLineCommand.swift */,
				274CBA3F1E758B5400D20B52 /* CopyWordAboveCommand.swift */,
				27F978F81FAE025B00348F7D /* UncommentCommand.swift */,
				278A79851E7340E9008179F9 /* Info.plist */,
				278A797F1E7340E9008179F9 /* Supporting Files */,
			);
			path = Ext;
			sourceTree = "<group>";
		};
		278A797F1E7340E9008179F9 /* Supporting Files */ = {
			isa = PBXGroup;
			children = (
				278A79801E7340E9008179F9 /* Ext.entitlements */,
			);
			name = "Supporting Files";
			sourceTree = "<group>";
		};
/* End PBXGroup section */

/* Begin PBXNativeTarget section */
		278A79551E7340AD008179F9 /* DevHelperContainer */ = {
			isa = PBXNativeTarget;
			buildConfigurationList = 278A79701E7340AD008179F9 /* Build configuration list for PBXNativeTarget "DevHelperContainer" */;
			buildPhases = (
				278A79521E7340AD008179F9 /* Sources */,
				278A79531E7340AD008179F9 /* Frameworks */,
				278A79541E7340AD008179F9 /* Resources */,
				275EB3E21E73FFC800CCAF22 /* Embed App Extensions */,
			);
			buildRules = (
			);
			dependencies = (
				275EB3E11E73FFC800CCAF22 /* PBXTargetDependency */,
			);
			name = DevHelperContainer;
			productName = DevHelper;
			productReference = 278A79561E7340AD008179F9 /* DevHelperContainer.app */;
			productType = "com.apple.product-type.application";
		};
		278A79661E7340AD008179F9 /* DevHelperTests */ = {
			isa = PBXNativeTarget;
			buildConfigurationList = 278A79731E7340AD008179F9 /* Build configuration list for PBXNativeTarget "DevHelperTests" */;
			buildPhases = (
				278A79631E7340AD008179F9 /* Sources */,
				278A79641E7340AD008179F9 /* Frameworks */,
				278A79651E7340AD008179F9 /* Resources */,
			);
			buildRules = (
			);
			dependencies = (
				278A79691E7340AD008179F9 /* PBXTargetDependency */,
			);
			name = DevHelperTests;
			productName = DevHelperTests;
			productReference = 278A79671E7340AD008179F9 /* DevHelperTests.xctest */;
			productType = "com.apple.product-type.bundle.unit-test";
		};
		278A79791E7340E9008179F9 /* DevHelper */ = {
			isa = PBXNativeTarget;
			buildConfigurationList = 278A79891E7340E9008179F9 /* Build configuration list for PBXNativeTarget "DevHelper" */;
			buildPhases = (
				278A79761E7340E9008179F9 /* Sources */,
				278A79771E7340E9008179F9 /* Frameworks */,
				278A79781E7340E9008179F9 /* Resources */,
			);
			buildRules = (
			);
			dependencies = (
			);
			name = DevHelper;
			productName = Ext;
			productReference = 278A797A1E7340E9008179F9 /* DevHelper.appex */;
			productType = "com.apple.product-type.xcode-extension";
		};
/* End PBXNativeTarget section */

/* Begin PBXProject section */
		278A794E1E7340AD008179F9 /* Project object */ = {
			isa = PBXProject;
			attributes = {
				LastSwiftUpdateCheck = 0820;
				LastUpgradeCheck = 0910;
				ORGANIZATIONNAME = "Alexey Golovenkov";
				TargetAttributes = {
					278A79551E7340AD008179F9 = {
						CreatedOnToolsVersion = 8.2.1;
						DevelopmentTeam = VKPEBSVB5E;
						LastSwiftMigration = 0900;
						ProvisioningStyle = Automatic;
					};
					278A79661E7340AD008179F9 = {
						CreatedOnToolsVersion = 8.2.1;
						DevelopmentTeam = VKPEBSVB5E;
						LastSwiftMigration = 0900;
						ProvisioningStyle = Automatic;
						TestTargetID = 278A79551E7340AD008179F9;
					};
					278A79791E7340E9008179F9 = {
						CreatedOnToolsVersion = 8.2.1;
						DevelopmentTeam = VKPEBSVB5E;
						LastSwiftMigration = 0900;
						ProvisioningStyle = Automatic;
					};
				};
			};
			buildConfigurationList = 278A79511E7340AD008179F9 /* Build configuration list for PBXProject "DevHelper" */;
			compatibilityVersion = "Xcode 3.2";
			developmentRegion = English;
			hasScannedForEncodings = 0;
			knownRegions = (
				en,
				Base,
			);
			mainGroup = 278A794D1E7340AD008179F9;
			productRefGroup = 278A79571E7340AD008179F9 /* Products */;
			projectDirPath = "";
			projectRoot = "";
			targets = (
				278A79551E7340AD008179F9 /* DevHelperContainer */,
				278A79661E7340AD008179F9 /* DevHelperTests */,
				278A79791E7340E9008179F9 /* DevHelper */,
			);
		};
/* End PBXProject section */

/* Begin PBXResourcesBuildPhase section */
		278A79541E7340AD008179F9 /* Resources */ = {
			isa = PBXResourcesBuildPhase;
			buildActionMask = 2147483647;
			files = (
				278A795E1E7340AD008179F9 /* Assets.xcassets in Resources */,
				278A79611E7340AD008179F9 /* Main.storyboard in Resources */,
			);
			runOnlyForDeploymentPostprocessing = 0;
		};
		278A79651E7340AD008179F9 /* Resources */ = {
			isa = PBXResourcesBuildPhase;
			buildActionMask = 2147483647;
			files = (
				27F979031FAEF33900348F7D /* UncommentInline1.test in Resources */,
				275EB3E61E74008600CCAF22 /* SingleSortCorrected.test in Resources */,
				27F979061FAEF33900348F7D /* UncommentMultilineInside.test in Resources */,
				274CBA381E746D4900D20B52 /* SortAndUniqSource.test in Resources */,
				274CBA371E746D4900D20B52 /* SortAndUniqCorrected.test in Resources */,
				275EB3E71E74008600CCAF22 /* SingleSortSource.test in Resources */,
				27F979071FAEF33900348F7D /* UncommentInline2.test in Resources */,
				27F979041FAEF33900348F7D /* UncommentNestedInside.test in Resources */,
				278DEEE71F9C84D200AE030F /* CopyLine.test in Resources */,
				27F979021FAEF33900348F7D /* UncommentNestedOutside.test in Resources */,
				27F979081FAEF33900348F7D /* UncommentMultilineOutside.test in Resources */,
				27F979051FAEF33900348F7D /* UncommentSource.test in Resources */,
			);
			runOnlyForDeploymentPostprocessing = 0;
		};
		278A79781E7340E9008179F9 /* Resources */ = {
			isa = PBXResourcesBuildPhase;
			buildActionMask = 2147483647;
			files = (
			);
			runOnlyForDeploymentPostprocessing = 0;
		};
/* End PBXResourcesBuildPhase section */

/* Begin PBXSourcesBuildPhase section */
		278A79521E7340AD008179F9 /* Sources */ = {
			isa = PBXSourcesBuildPhase;
			buildActionMask = 2147483647;
			files = (
				278A795C1E7340AD008179F9 /* ViewController.swift in Sources */,
				278A795A1E7340AD008179F9 /* AppDelegate.swift in Sources */,
			);
			runOnlyForDeploymentPostprocessing = 0;
		};
		278A79631E7340AD008179F9 /* Sources */ = {
			isa = PBXSourcesBuildPhase;
			buildActionMask = 2147483647;
			files = (
				278DEEEA1F9C851D00AE030F /* CopyLineTests.swift in Sources */,
				275EB3DA1E73F68700CCAF22 /* NSMutableArray+DevHelper.swift in Sources */,
				27F9790D1FAF069900348F7D /* String+DevHelper.swift in Sources */,
				274CBA3D1E75861200D20B52 /* DHTextRange.swift in Sources */,
				275EB3CC1E73E9DC00CCAF22 /* String+Test.swift in Sources */,
				274CBA3B1E7584CD00D20B52 /* DHTextRangeTests.swift in Sources */,
				27F9790A1FAEFBB200348F7D /* UncommentTests.swift in Sources */,
				27B99606206112A300EA7F75 /* ArrayOfStringTests.swift in Sources */,
				27F979101FAF0A1E00348F7D /* StringTests.swift in Sources */,
				275EB3DE1E73FE4900CCAF22 /* SortCommandTests.swift in Sources */,
			);
			runOnlyForDeploymentPostprocessing = 0;
		};
		278A79761E7340E9008179F9 /* Sources */ = {
			isa = PBXSourcesBuildPhase;
			buildActionMask = 2147483647;
			files = (
				274CBA411E758B5400D20B52 /* CopyWordAboveCommand.swift in Sources */,
				275EB3DD1E73F83700CCAF22 /* DHTextRange+XCodeExtensionOnly.swift in Sources */,
				270204DB1F9C7E840002A955 /* CopyLineCommand.swift in Sources */,
				274CBA431E75D4C200D20B52 /* CommentCommand.swift in Sources */,
				274CBA3E1E75861200D20B52 /* DHTextRange.swift in Sources */,
				275EB3DB1E73F68700CCAF22 /* NSMutableArray+DevHelper.swift in Sources */,
				27F9790E1FAF070700348F7D /* String+DevHelper.swift in Sources */,
				278A79821E7340E9008179F9 /* SourceEditorExtension.swift in Sources */,
				278A79841E7340E9008179F9 /* SortCommand.swift in Sources */,
				27F978FA1FAE026600348F7D /* UncommentCommand.swift in Sources */,
			);
			runOnlyForDeploymentPostprocessing = 0;
		};
/* End PBXSourcesBuildPhase section */

/* Begin PBXTargetDependency section */
		275EB3E11E73FFC800CCAF22 /* PBXTargetDependency */ = {
			isa = PBXTargetDependency;
			target = 278A79791E7340E9008179F9 /* DevHelper */;
			targetProxy = 275EB3E01E73FFC800CCAF22 /* PBXContainerItemProxy */;
		};
		278A79691E7340AD008179F9 /* PBXTargetDependency */ = {
			isa = PBXTargetDependency;
			target = 278A79551E7340AD008179F9 /* DevHelperContainer */;
			targetProxy = 278A79681E7340AD008179F9 /* PBXContainerItemProxy */;
		};
/* End PBXTargetDependency section */

/* Begin PBXVariantGroup section */
		278A795F1E7340AD008179F9 /* Main.storyboard */ = {
			isa = PBXVariantGroup;
			children = (
				278A79601E7340AD008179F9 /* Base */,
			);
			name = Main.storyboard;
			sourceTree = "<group>";
		};
/* End PBXVariantGroup section */

/* Begin XCBuildConfiguration section */
		278A796E1E7340AD008179F9 /* Debug */ = {
			isa = XCBuildConfiguration;
			buildSettings = {
				ALWAYS_SEARCH_USER_PATHS = NO;
				CLANG_ANALYZER_NONNULL = YES;
				CLANG_CXX_LANGUAGE_STANDARD = "gnu++0x";
				CLANG_CXX_LIBRARY = "libc++";
				CLANG_ENABLE_MODULES = YES;
				CLANG_ENABLE_OBJC_ARC = YES;
				CLANG_WARN_BLOCK_CAPTURE_AUTORELEASING = YES;
				CLANG_WARN_BOOL_CONVERSION = YES;
				CLANG_WARN_COMMA = YES;
				CLANG_WARN_CONSTANT_CONVERSION = YES;
				CLANG_WARN_DIRECT_OBJC_ISA_USAGE = YES_ERROR;
				CLANG_WARN_DOCUMENTATION_COMMENTS = YES;
				CLANG_WARN_EMPTY_BODY = YES;
				CLANG_WARN_ENUM_CONVERSION = YES;
				CLANG_WARN_INFINITE_RECURSION = YES;
				CLANG_WARN_INT_CONVERSION = YES;
				CLANG_WARN_NON_LITERAL_NULL_CONVERSION = YES;
				CLANG_WARN_OBJC_LITERAL_CONVERSION = YES;
				CLANG_WARN_OBJC_ROOT_CLASS = YES_ERROR;
				CLANG_WARN_RANGE_LOOP_ANALYSIS = YES;
				CLANG_WARN_STRICT_PROTOTYPES = YES;
				CLANG_WARN_SUSPICIOUS_MOVE = YES;
				CLANG_WARN_UNREACHABLE_CODE = YES;
				CLANG_WARN__DUPLICATE_METHOD_MATCH = YES;
				CODE_SIGN_IDENTITY = "-";
				COPY_PHASE_STRIP = NO;
				DEBUG_INFORMATION_FORMAT = dwarf;
				ENABLE_STRICT_OBJC_MSGSEND = YES;
				ENABLE_TESTABILITY = YES;
				GCC_C_LANGUAGE_STANDARD = gnu99;
				GCC_DYNAMIC_NO_PIC = NO;
				GCC_NO_COMMON_BLOCKS = YES;
				GCC_OPTIMIZATION_LEVEL = 0;
				GCC_PREPROCESSOR_DEFINITIONS = (
					"DEBUG=1",
					"$(inherited)",
				);
				GCC_WARN_64_TO_32_BIT_CONVERSION = YES;
				GCC_WARN_ABOUT_RETURN_TYPE = YES_ERROR;
				GCC_WARN_UNDECLARED_SELECTOR = YES;
				GCC_WARN_UNINITIALIZED_AUTOS = YES_AGGRESSIVE;
				GCC_WARN_UNUSED_FUNCTION = YES;
				GCC_WARN_UNUSED_VARIABLE = YES;
				MACOSX_DEPLOYMENT_TARGET = 10.12;
				MTL_ENABLE_DEBUG_INFO = YES;
				ONLY_ACTIVE_ARCH = YES;
				SDKROOT = macosx;
				SWIFT_ACTIVE_COMPILATION_CONDITIONS = DEBUG;
				SWIFT_OPTIMIZATION_LEVEL = "-Onone";
			};
			name = Debug;
		};
		278A796F1E7340AD008179F9 /* Release */ = {
			isa = XCBuildConfiguration;
			buildSettings = {
				ALWAYS_SEARCH_USER_PATHS = NO;
				CLANG_ANALYZER_NONNULL = YES;
				CLANG_CXX_LANGUAGE_STANDARD = "gnu++0x";
				CLANG_CXX_LIBRARY = "libc++";
				CLANG_ENABLE_MODULES = YES;
				CLANG_ENABLE_OBJC_ARC = YES;
				CLANG_WARN_BLOCK_CAPTURE_AUTORELEASING = YES;
				CLANG_WARN_BOOL_CONVERSION = YES;
				CLANG_WARN_COMMA = YES;
				CLANG_WARN_CONSTANT_CONVERSION = YES;
				CLANG_WARN_DIRECT_OBJC_ISA_USAGE = YES_ERROR;
				CLANG_WARN_DOCUMENTATION_COMMENTS = YES;
				CLANG_WARN_EMPTY_BODY = YES;
				CLANG_WARN_ENUM_CONVERSION = YES;
				CLANG_WARN_INFINITE_RECURSION = YES;
				CLANG_WARN_INT_CONVERSION = YES;
				CLANG_WARN_NON_LITERAL_NULL_CONVERSION = YES;
				CLANG_WARN_OBJC_LITERAL_CONVERSION = YES;
				CLANG_WARN_OBJC_ROOT_CLASS = YES_ERROR;
				CLANG_WARN_RANGE_LOOP_ANALYSIS = YES;
				CLANG_WARN_STRICT_PROTOTYPES = YES;
				CLANG_WARN_SUSPICIOUS_MOVE = YES;
				CLANG_WARN_UNREACHABLE_CODE = YES;
				CLANG_WARN__DUPLICATE_METHOD_MATCH = YES;
				CODE_SIGN_IDENTITY = "-";
				COPY_PHASE_STRIP = NO;
				DEBUG_INFORMATION_FORMAT = "dwarf-with-dsym";
				ENABLE_NS_ASSERTIONS = NO;
				ENABLE_STRICT_OBJC_MSGSEND = YES;
				GCC_C_LANGUAGE_STANDARD = gnu99;
				GCC_NO_COMMON_BLOCKS = YES;
				GCC_WARN_64_TO_32_BIT_CONVERSION = YES;
				GCC_WARN_ABOUT_RETURN_TYPE = YES_ERROR;
				GCC_WARN_UNDECLARED_SELECTOR = YES;
				GCC_WARN_UNINITIALIZED_AUTOS = YES_AGGRESSIVE;
				GCC_WARN_UNUSED_FUNCTION = YES;
				GCC_WARN_UNUSED_VARIABLE = YES;
				MACOSX_DEPLOYMENT_TARGET = 10.12;
				MTL_ENABLE_DEBUG_INFO = NO;
				SDKROOT = macosx;
				SWIFT_OPTIMIZATION_LEVEL = "-Owholemodule";
			};
			name = Release;
		};
		278A79711E7340AD008179F9 /* Debug */ = {
			isa = XCBuildConfiguration;
			buildSettings = {
				ALWAYS_EMBED_SWIFT_STANDARD_LIBRARIES = YES;
				ASSETCATALOG_COMPILER_APPICON_NAME = AppIcon;
				CODE_SIGN_IDENTITY = "Mac Developer";
				COMBINE_HIDPI_IMAGES = YES;
				DEVELOPMENT_TEAM = VKPEBSVB5E;
				INFOPLIST_FILE = DevHelper/Info.plist;
				LD_RUNPATH_SEARCH_PATHS = "$(inherited) @executable_path/../Frameworks";
				PRODUCT_BUNDLE_IDENTIFIER = mobi.agsoft.DevHelper;
				PRODUCT_NAME = "$(TARGET_NAME)";
				SWIFT_SWIFT3_OBJC_INFERENCE = Default;
				SWIFT_VERSION = 4.0;
			};
			name = Debug;
		};
		278A79721E7340AD008179F9 /* Release */ = {
			isa = XCBuildConfiguration;
			buildSettings = {
				ALWAYS_EMBED_SWIFT_STANDARD_LIBRARIES = YES;
				ASSETCATALOG_COMPILER_APPICON_NAME = AppIcon;
				CODE_SIGN_IDENTITY = "Mac Developer";
				COMBINE_HIDPI_IMAGES = YES;
				DEVELOPMENT_TEAM = VKPEBSVB5E;
				INFOPLIST_FILE = DevHelper/Info.plist;
				LD_RUNPATH_SEARCH_PATHS = "$(inherited) @executable_path/../Frameworks";
				PRODUCT_BUNDLE_IDENTIFIER = mobi.agsoft.DevHelper;
				PRODUCT_NAME = "$(TARGET_NAME)";
				SWIFT_SWIFT3_OBJC_INFERENCE = Default;
				SWIFT_VERSION = 4.0;
			};
			name = Release;
		};
		278A79741E7340AD008179F9 /* Debug */ = {
			isa = XCBuildConfiguration;
			buildSettings = {
				ALWAYS_EMBED_SWIFT_STANDARD_LIBRARIES = YES;
				BUNDLE_LOADER = "$(TEST_HOST)";
				CLANG_ENABLE_MODULES = YES;
				CODE_SIGN_IDENTITY = "Mac Developer";
				CODE_SIGN_STYLE = Automatic;
				COMBINE_HIDPI_IMAGES = YES;
				DEVELOPMENT_TEAM = VKPEBSVB5E;
				INFOPLIST_FILE = DevHelperTests/Info.plist;
				LD_RUNPATH_SEARCH_PATHS = "$(inherited) @executable_path/../Frameworks @loader_path/../Frameworks";
				PRODUCT_BUNDLE_IDENTIFIER = mobi.agsoft.DevHelperTests;
				PRODUCT_NAME = "$(TARGET_NAME)";
				PROVISIONING_PROFILE_SPECIFIER = "";
				SWIFT_OPTIMIZATION_LEVEL = "-Onone";
				SWIFT_SWIFT3_OBJC_INFERENCE = Default;
				SWIFT_VERSION = 4.0;
				TEST_HOST = "$(BUILT_PRODUCTS_DIR)/DevHelperContainer.app/Contents/MacOS/DevHelperContainer";
			};
			name = Debug;
		};
		278A79751E7340AD008179F9 /* Release */ = {
			isa = XCBuildConfiguration;
			buildSettings = {
				ALWAYS_EMBED_SWIFT_STANDARD_LIBRARIES = YES;
				BUNDLE_LOADER = "$(TEST_HOST)";
				CLANG_ENABLE_MODULES = YES;
				CODE_SIGN_IDENTITY = "Mac Developer";
				CODE_SIGN_STYLE = Automatic;
				COMBINE_HIDPI_IMAGES = YES;
				DEVELOPMENT_TEAM = VKPEBSVB5E;
				INFOPLIST_FILE = DevHelperTests/Info.plist;
				LD_RUNPATH_SEARCH_PATHS = "$(inherited) @executable_path/../Frameworks @loader_path/../Frameworks";
				PRODUCT_BUNDLE_IDENTIFIER = mobi.agsoft.DevHelperTests;
				PRODUCT_NAME = "$(TARGET_NAME)";
				PROVISIONING_PROFILE_SPECIFIER = "";
				SWIFT_SWIFT3_OBJC_INFERENCE = Default;
				SWIFT_VERSION = 4.0;
				TEST_HOST = "$(BUILT_PRODUCTS_DIR)/DevHelperContainer.app/Contents/MacOS/DevHelperContainer";
			};
			name = Release;
		};
		278A798A1E7340E9008179F9 /* Debug */ = {
			isa = XCBuildConfiguration;
			buildSettings = {
				CODE_SIGN_ENTITLEMENTS = Ext/Ext.entitlements;
				CODE_SIGN_IDENTITY = "Mac Developer";
				COMBINE_HIDPI_IMAGES = YES;
				DEVELOPMENT_TEAM = VKPEBSVB5E;
				INFOPLIST_FILE = Ext/Info.plist;
				LD_RUNPATH_SEARCH_PATHS = "$(inherited) @executable_path/../Frameworks @executable_path/../../../../Frameworks";
				MACOSX_DEPLOYMENT_TARGET = 10.11;
				PRODUCT_BUNDLE_IDENTIFIER = mobi.agsoft.DevHelper.Ext;
				PRODUCT_NAME = "$(TARGET_NAME)";
				SKIP_INSTALL = YES;
				SWIFT_SWIFT3_OBJC_INFERENCE = Default;
				SWIFT_VERSION = 4.0;
			};
			name = Debug;
		};
		278A798B1E7340E9008179F9 /* Release */ = {
			isa = XCBuildConfiguration;
			buildSettings = {
				CODE_SIGN_ENTITLEMENTS = Ext/Ext.entitlements;
				CODE_SIGN_IDENTITY = "Mac Developer";
				COMBINE_HIDPI_IMAGES = YES;
				DEVELOPMENT_TEAM = VKPEBSVB5E;
				INFOPLIST_FILE = Ext/Info.plist;
				LD_RUNPATH_SEARCH_PATHS = "$(inherited) @executable_path/../Frameworks @executable_path/../../../../Frameworks";
				MACOSX_DEPLOYMENT_TARGET = 10.11;
				PRODUCT_BUNDLE_IDENTIFIER = mobi.agsoft.DevHelper.Ext;
				PRODUCT_NAME = "$(TARGET_NAME)";
				SKIP_INSTALL = YES;
				SWIFT_SWIFT3_OBJC_INFERENCE = Default;
				SWIFT_VERSION = 4.0;
			};
			name = Release;
		};
/* End XCBuildConfiguration section */

/* Begin XCConfigurationList section */
		278A79511E7340AD008179F9 /* Build configuration list for PBXProject "DevHelper" */ = {
			isa = XCConfigurationList;
			buildConfigurations = (
				278A796E1E7340AD008179F9 /* Debug */,
				278A796F1E7340AD008179F9 /* Release */,
			);
			defaultConfigurationIsVisible = 0;
			defaultConfigurationName = Release;
		};
		278A79701E7340AD008179F9 /* Build configuration list for PBXNativeTarget "DevHelperContainer" */ = {
			isa = XCConfigurationList;
			buildConfigurations = (
				278A79711E7340AD008179F9 /* Debug */,
				278A79721E7340AD008179F9 /* Release */,
			);
			defaultConfigurationIsVisible = 0;
			defaultConfigurationName = Release;
		};
		278A79731E7340AD008179F9 /* Build configuration list for PBXNativeTarget "DevHelperTests" */ = {
			isa = XCConfigurationList;
			buildConfigurations = (
				278A79741E7340AD008179F9 /* Debug */,
				278A79751E7340AD008179F9 /* Release */,
			);
			defaultConfigurationIsVisible = 0;
			defaultConfigurationName = Release;
		};
		278A79891E7340E9008179F9 /* Build configuration list for PBXNativeTarget "DevHelper" */ = {
			isa = XCConfigurationList;
			buildConfigurations = (
				278A798A1E7340E9008179F9 /* Debug */,
				278A798B1E7340E9008179F9 /* Release */,
			);
			defaultConfigurationIsVisible = 0;
			defaultConfigurationName = Release;
		};
/* End XCConfigurationList section */
	};
	rootObject = 278A794E1E7340AD008179F9 /* Project object */;
}
